{
    "_meta": {
        "hash": {
            "sha256": "0944d0448c1d4ea9df7be45870c68fc888bab81d730acc8acaa88f92fbc838a8"
        },
        "pipfile-spec": 6,
        "requires": {
            "python_version": "3.9"
        },
        "sources": [
            {
                "name": "pypi",
                "url": "https://pypi.org/simple",
                "verify_ssl": true
            }
        ]
    },
    "default": {
        "asgiref": {
            "hashes": [
                "sha256:1d2880b792ae8757289136f1db2b7b99100ce959b2aa57fd69dab783d05afac4",
                "sha256:4a29362a6acebe09bf1d6640db38c1dc3d9217c68e6f9f6204d72667fc19a424"
            ],
            "markers": "python_version >= '3.7'",
            "version": "==3.5.2"
        },
        "dj-database-url": {
            "hashes": [
                "sha256:ccf3e8718f75ddd147a1e212fca88eecdaa721759ee48e38b485481c77bca3dc",
                "sha256:cd354a3b7a9136d78d64c17b2aec369e2ae5616fbca6bfbe435ef15bb372ce39"
            ],
            "version": "==1.0.0"
        },
        "django": {
            "hashes": [
                "sha256:115baf5049d5cf4163e43492cdc7139c306ed6d451e7d3571fe9612903903713",
                "sha256:f71934b1a822f14a86c9ac9634053689279cd04ae69cb6ade4a59471b886582b"
            ],
            "index": "pypi",
            "version": "==3.2.15"
        },
        "django-heroku": {
            "hashes": [
                "sha256:2bc690aab89eedbe01311752320a9a12e7548e3b0ed102681acc5736a41a4762",
                "sha256:6af4bc3ae4a9b55eaad6dbe5164918982d2762661aebc9f83d9fa49f6009514e"
            ],
            "index": "pypi",
            "version": "==0.3.1"
        },
        "docutils": {
            "hashes": [
                "sha256:33995a6753c30b7f577febfc2c50411fec6aac7f7ffeb7c4cfe5991072dcf9e6",
                "sha256:5e1de4d849fee02c63b040a4a3fd567f4ab104defd8a5511fbbc24a8a017efbc"
            ],
            "index": "pypi",
            "version": "==0.19"
        },
        "gunicorn": {
            "hashes": [
                "sha256:9dcc4547dbb1cb284accfb15ab5667a0e5d1881cc443e0677b4882a4067a807e",
                "sha256:e0a968b5ba15f8a328fdfd7ab1fcb5af4470c28aaf7e55df02a99bc13138e6e8"
            ],
            "index": "pypi",
            "version": "==20.1.0"
        },
        "psycopg2": {
            "hashes": [
                "sha256:06f32425949bd5fe8f625c49f17ebb9784e1e4fe928b7cce72edc36fb68e4c0c",
                "sha256:0762c27d018edbcb2d34d51596e4346c983bd27c330218c56c4dc25ef7e819bf",
                "sha256:083707a696e5e1c330af2508d8fab36f9700b26621ccbcb538abe22e15485362",
                "sha256:34b33e0162cfcaad151f249c2649fd1030010c16f4bbc40a604c1cb77173dcf7",
                "sha256:4295093a6ae3434d33ec6baab4ca5512a5082cc43c0505293087b8a46d108461",
                "sha256:8cf3878353cc04b053822896bc4922b194792df9df2f1ad8da01fb3043602126",
                "sha256:8e841d1bf3434da985cc5ef13e6f75c8981ced601fd70cc6bf33351b91562981",
                "sha256:9572e08b50aed176ef6d66f15a21d823bb6f6d23152d35e8451d7d2d18fdac56",
                "sha256:a81e3866f99382dfe8c15a151f1ca5fde5815fde879348fe5a9884a7c092a305",
                "sha256:cb10d44e6694d763fa1078a26f7f6137d69f555a78ec85dc2ef716c37447e4b2",
                "sha256:d3ca6421b942f60c008f81a3541e8faf6865a28d5a9b48544b0ee4f40cac7fca"
            ],
            "markers": "python_version >= '3.6'",
            "version": "==2.9.3"
        },
        "pytz": {
            "hashes": [
                "sha256:bc824559e43e8ab983426a49525079d186b25372ff63aa3430ccd527d95edc3a",
                "sha256:d9b245e63af49c4e51afdec5402f56b99c0cb483a84a12bb8b7db980386baade"
            ],
            "version": "==2022.2"
        },
        "setuptools": {
            "hashes": [
                "sha256:378dcbfcc78b81432934fbd684ece21a82cd4b135315698732f7c8a4b97f81a9",
                "sha256:7d9ae33bf128569f460a0745e87072a1996f33c9180316c20cc08b130ce816a6"
            ],
            "markers": "python_version >= '3.7'",
            "version": "==64.0.1"
        },
        "sqlparse": {
            "hashes": [
                "sha256:0c00730c74263a94e5a9919ade150dfc3b19c574389985446148402998287dae",
                "sha256:48719e356bb8b42991bdbb1e8b83223757b93789c00910a616a071910ca4a64d"
            ],
            "markers": "python_version >= '3.5'",
            "version": "==0.4.2"
        },
        "whitenoise": {
            "hashes": [
                "sha256:8e9c600a5c18bd17655ef668ad55b5edf6c24ce9bdca5bf607649ca4b1e8e2c2",
                "sha256:8fa943c6d4cd9e27673b70c21a07b0aa120873901e099cd46cab40f7cc96d567"
            ],
            "markers": "python_version >= '3.7'",
            "version": "==6.2.0"
        }
    },
    "develop": {
        "autopep8": {
            "hashes": [
                "sha256:6f09e90a2be784317e84dc1add17ebfc7abe3924239957a37e5040e27d812087",
                "sha256:ca9b1a83e53a7fad65d731dc7a2a2d50aa48f43850407c59f6a1a306c4201142"
            ],
            "index": "pypi",
            "version": "==1.7.0"
        },
        "flake8": {
            "hashes": [
                "sha256:6fbe320aad8d6b95cec8b8e47bc933004678dc63095be98528b7bdd2a9f510db",
                "sha256:7a1cf6b73744f5806ab95e526f6f0d8c01c66d7bbe349562d22dfca20610b248"
            ],
            "index": "pypi",
            "version": "==5.0.4"
        },
        "mccabe": {
            "hashes": [
                "sha256:348e0240c33b60bbdf4e523192ef919f28cb2c3d7d5c7794f74009290f236325",
                "sha256:6c2d30ab6be0e4a46919781807b4f0d834ebdd6c6e3dca0bda5a15f863427b6e"
            ],
            "markers": "python_version >= '3.6'",
            "version": "==0.7.0"
        },
        "packaging": {
            "hashes": [
                "sha256:dd47c42927d89ab911e606518907cc2d3a1f38bbd026385970643f9c5b8ecfeb",
                "sha256:ef103e05f519cdc783ae24ea4e2e0f508a9c99b2d4969652eed6a2e1ea5bd522"
            ],
            "markers": "python_version >= '3.6'",
            "version": "==21.3"
        },
        "pycodestyle": {
            "hashes": [
                "sha256:2c9607871d58c76354b697b42f5d57e1ada7d261c261efac224b664affdc5785",
                "sha256:d1735fc58b418fd7c5f658d28d943854f8a849b01a5d0a1e6f3f3fdd0166804b"
            ],
            "markers": "python_version >= '3.6'",
            "version": "==2.9.1"
        },
        "pyflakes": {
            "hashes": [
                "sha256:4579f67d887f804e67edb544428f264b7b24f435b263c4614f384135cea553d2",
                "sha256:491feb020dca48ccc562a8c0cbe8df07ee13078df59813b83959cbdada312ea3"
            ],
            "markers": "python_version >= '3.6'",
            "version": "==2.5.0"
        },
        "pyparsing": {
            "hashes": [
                "sha256:2b020ecf7d21b687f219b71ecad3631f644a47f01403fa1d1036b0c6416d70fb",
                "sha256:5026bae9a10eeaefb61dab2f09052b9f4307d44aee4eda64b309723d8d206bbc"
            ],
            "markers": "python_full_version >= '3.6.8'",
            "version": "==3.0.9"
        },
        "pytoolconfig": {
            "hashes": [
                "sha256:2512a1f261a40e73cef2e58e786184261b60c802ae7ed01249342b1949ec3aa2",
                "sha256:825d97b052e58b609c2684b04efeb543075588d33a4916a6dc2ae39676458c7d"
            ],
            "markers": "python_version >= '3.7'",
            "version": "==1.2.2"
        },
        "rope": {
            "hashes": [
                "sha256:4e8ede637d8f43eb83847ef9ea7edbf4ceb9d641deea592ed38a8875cde64265",
                "sha256:f0c82bd7167c2926339c6f0d9ecf7c93d6866cbe380c78639fa1bc4ac037c097"
            ],
            "index": "pypi",
            "version": "==1.3.0"
        },
        "toml": {
            "hashes": [
                "sha256:806143ae5bfb6a3c6e736a764057db0e6a0e05e338b5630894a5f779cabb4f9b",
                "sha256:b3bda1d108d5dd99f4a20d24d9c348e91c4db7ab1b749200bded2f839ccbe68f"
            ],
            "markers": "python_version >= '2.6' and python_version not in '3.0, 3.1, 3.2'",
            "version": "==0.10.2"
        },
        "tomli": {
            "hashes": [
                "sha256:939de3e7a6161af0c887ef91b7d41a53e7c5a1ca976325f429cb46ea9bc30ecc",
                "sha256:de526c12914f0c550d15924c62d72abc48d6fe7364aa87328337a31007fe8a4f"
            ],
            "markers": "python_version < '3.11'",
            "version": "==2.0.1"
        }
    }
}
